
Microsoft Visual Studio Solution File, Format Version 12.00
# Visual Studio Version 17
VisualStudioVersion = 17.9.34728.123
MinimumVisualStudioVersion = 10.0.40219.1
Project("{888888A0-9F3D-457C-B088-3A5042F75D52}") = "Image Classification _Transfer Learning", "Image Classification _Transfer Learning\Image Classification _Transfer Learning.pyproj", "{0036E19D-20AE-40F6-A849-4864D6607290}"
EndProject
Global
	GlobalSection(SolutionConfigurationPlatforms) = preSolution
		Debug|Any CPU = Debug|Any CPU
		Release|Any CPU = Release|Any CPU
	EndGlobalSection
	GlobalSection(ProjectConfigurationPlatforms) = postSolution
		{0036E19D-20AE-40F6-A849-4864D6607290}.Debug|Any CPU.ActiveCfg = Debug|Any CPU
		{0036E19D-20AE-40F6-A849-4864D6607290}.Release|Any CPU.ActiveCfg = Release|Any CPU
	EndGlobalSection
	GlobalSection(SolutionProperties) = preSolution
		HideSolutionNode = FALSE
	EndGlobalSection
	GlobalSection(ExtensibilityGlobals) = postSolution
		SolutionGuid = {54DB7DB0-F58F-4008-ADE2-5347002F5955}
	EndGlobalSection
EndGlobal
